
Microsoft Visual Studio Solution File, Format Version 12.00
# Visual Studio 14
VisualStudioVersion = 14.0.25420.1
MinimumVisualStudioVersion = 10.0.40219.1
Project("{FAE04EC0-301F-11D3-BF4B-00C04F79EFBC}") = "XamarinFormsLaunchFromBrowser", "XamarinFormsLaunchFromBrowser\XamarinFormsLaunchFromBrowser\XamarinFormsLaunchFromBrowser.csproj", "{AD2248EE-ABB8-4A90-A1BB-26C3107A9D43}"
EndProject
Project("{FAE04EC0-301F-11D3-BF4B-00C04F79EFBC}") = "XamarinFormsLaunchFromBrowser.Droid", "XamarinFormsLaunchFromBrowser\XamarinFormsLaunchFromBrowser.Droid\XamarinFormsLaunchFromBrowser.Droid.csproj", "{0465A83E-2C41-421D-B184-CD603B1FB065}"
EndProject
Project("{FAE04EC0-301F-11D3-BF4B-00C04F79EFBC}") = "XamarinFormsLaunchFromBrowser.iOS", "XamarinFormsLaunchFromBrowser\XamarinFormsLaunchFromBrowser.iOS\XamarinFormsLaunchFromBrowser.iOS.csproj", "{42ED3A48-83B2-454C-8615-1F60D0506B0D}"
EndProject
Project("{FAE04EC0-301F-11D3-BF4B-00C04F79EFBC}") = "XamarinFormsLaunchFromBrowser.WinPhone", "XamarinFormsLaunchFromBrowser\XamarinFormsLaunchFromBrowser.WinPhone\XamarinFormsLaunchFromBrowser.WinPhone.csproj", "{5181A30B-9347-4438-AEBF-EB1A4C0FC261}"
EndProject
Project("{FAE04EC0-301F-11D3-BF4B-00C04F79EFBC}") = "XamarinFormsLaunchFromBrowser.UWP", "XamarinFormsLaunchFromBrowser\XamarinFormsLaunchFromBrowser.UWP\XamarinFormsLaunchFromBrowser.UWP.csproj", "{1AC7E29C-5D20-4D36-B297-1F11625FAB2C}"
EndProject
Project("{FAE04EC0-301F-11D3-BF4B-00C04F79EFBC}") = "XamarinFormsLaunchFromBrowser.Windows", "XamarinFormsLaunchFromBrowser\XamarinFormsLaunchFromBrowser.Windows\XamarinFormsLaunchFromBrowser.Windows.csproj", "{9E160718-70D9-44C6-9FEF-24A1494C88F4}"
EndProject
Global
	GlobalSection(SolutionConfigurationPlatforms) = preSolution
		Ad-Hoc|Any CPU = Ad-Hoc|Any CPU
		Ad-Hoc|ARM = Ad-Hoc|ARM
		Ad-Hoc|iPhone = Ad-Hoc|iPhone
		Ad-Hoc|iPhoneSimulator = Ad-Hoc|iPhoneSimulator
		Ad-Hoc|x64 = Ad-Hoc|x64
		Ad-Hoc|x86 = Ad-Hoc|x86
		AppStore|Any CPU = AppStore|Any CPU
		AppStore|ARM = AppStore|ARM
		AppStore|iPhone = AppStore|iPhone
		AppStore|iPhoneSimulator = AppStore|iPhoneSimulator
		AppStore|x64 = AppStore|x64
		AppStore|x86 = AppStore|x86
		Debug|Any CPU = Debug|Any CPU
		Debug|ARM = Debug|ARM
		Debug|iPhone = Debug|iPhone
		Debug|iPhoneSimulator = Debug|iPhoneSimulator
		Debug|x64 = Debug|x64
		Debug|x86 = Debug|x86
		Release|Any CPU = Release|Any CPU
		Release|ARM = Release|ARM
		Release|iPhone = Release|iPhone
		Release|iPhoneSimulator = Release|iPhoneSimulator
		Release|x64 = Release|x64
		Release|x86 = Release|x86
	EndGlobalSection
	GlobalSection(ProjectConfigurationPlatforms) = postSolution
		{AD2248EE-ABB8-4A90-A1BB-26C3107A9D43}.Ad-Hoc|Any CPU.ActiveCfg = Release|Any CPU
		{AD2248EE-ABB8-4A90-A1BB-26C3107A9D43}.Ad-Hoc|Any CPU.Build.0 = Release|Any CPU
		{AD2248EE-ABB8-4A90-A1BB-26C3107A9D43}.Ad-Hoc|ARM.ActiveCfg = Release|Any CPU
		{AD2248EE-ABB8-4A90-A1BB-26C3107A9D43}.Ad-Hoc|ARM.Build.0 = Release|Any CPU
		{AD2248EE-ABB8-4A90-A1BB-26C3107A9D43}.Ad-Hoc|iPhone.ActiveCfg = Release|Any CPU
		{AD2248EE-ABB8-4A90-A1BB-26C3107A9D43}.Ad-Hoc|iPhone.Build.0 = Release|Any CPU
		{AD2248EE-ABB8-4A90-A1BB-26C3107A9D43}.Ad-Hoc|iPhoneSimulator.ActiveCfg = Release|Any CPU
		{AD2248EE-ABB8-4A90-A1BB-26C3107A9D43}.Ad-Hoc|iPhoneSimulator.Build.0 = Release|Any CPU
		{AD2248EE-ABB8-4A90-A1BB-26C3107A9D43}.Ad-Hoc|x64.ActiveCfg = Release|Any CPU
		{AD2248EE-ABB8-4A90-A1BB-26C3107A9D43}.Ad-Hoc|x64.Build.0 = Release|Any CPU
		{AD2248EE-ABB8-4A90-A1BB-26C3107A9D43}.Ad-Hoc|x86.ActiveCfg = Release|Any CPU
		{AD2248EE-ABB8-4A90-A1BB-26C3107A9D43}.Ad-Hoc|x86.Build.0 = Release|Any CPU
		{AD2248EE-ABB8-4A90-A1BB-26C3107A9D43}.AppStore|Any CPU.ActiveCfg = Release|Any CPU
		{AD2248EE-ABB8-4A90-A1BB-26C3107A9D43}.AppStore|Any CPU.Build.0 = Release|Any CPU
		{AD2248EE-ABB8-4A90-A1BB-26C3107A9D43}.AppStore|ARM.ActiveCfg = Release|Any CPU
		{AD2248EE-ABB8-4A90-A1BB-26C3107A9D43}.AppStore|ARM.Build.0 = Release|Any CPU
		{AD2248EE-ABB8-4A90-A1BB-26C3107A9D43}.AppStore|iPhone.ActiveCfg = Release|Any CPU
		{AD2248EE-ABB8-4A90-A1BB-26C3107A9D43}.AppStore|iPhone.Build.0 = Release|Any CPU
		{AD2248EE-ABB8-4A90-A1BB-26C3107A9D43}.AppStore|iPhoneSimulator.ActiveCfg = Release|Any CPU
		{AD2248EE-ABB8-4A90-A1BB-26C3107A9D43}.AppStore|iPhoneSimulator.Build.0 = Release|Any CPU
		{AD2248EE-ABB8-4A90-A1BB-26C3107A9D43}.AppStore|x64.ActiveCfg = Release|Any CPU
		{AD2248EE-ABB8-4A90-A1BB-26C3107A9D43}.AppStore|x64.Build.0 = Release|Any CPU
		{AD2248EE-ABB8-4A90-A1BB-26C3107A9D43}.AppStore|x86.ActiveCfg = Release|Any CPU
		{AD2248EE-ABB8-4A90-A1BB-26C3107A9D43}.AppStore|x86.Build.0 = Release|Any CPU
		{AD2248EE-ABB8-4A90-A1BB-26C3107A9D43}.Debug|Any CPU.ActiveCfg = Debug|Any CPU
		{AD2248EE-ABB8-4A90-A1BB-26C3107A9D43}.Debug|Any CPU.Build.0 = Debug|Any CPU
		{AD2248EE-ABB8-4A90-A1BB-26C3107A9D43}.Debug|ARM.ActiveCfg = Debug|Any CPU
		{AD2248EE-ABB8-4A90-A1BB-26C3107A9D43}.Debug|ARM.Build.0 = Debug|Any CPU
		{AD2248EE-ABB8-4A90-A1BB-26C3107A9D43}.Debug|iPhone.ActiveCfg = Debug|Any CPU
		{AD2248EE-ABB8-4A90-A1BB-26C3107A9D43}.Debug|iPhone.Build.0 = Debug|Any CPU
		{AD2248EE-ABB8-4A90-A1BB-26C3107A9D43}.Debug|iPhoneSimulator.ActiveCfg = Debug|Any CPU
		{AD2248EE-ABB8-4A90-A1BB-26C3107A9D43}.Debug|iPhoneSimulator.Build.0 = Debug|Any CPU
		{AD2248EE-ABB8-4A90-A1BB-26C3107A9D43}.Debug|x64.ActiveCfg = Debug|Any CPU
		{AD2248EE-ABB8-4A90-A1BB-26C3107A9D43}.Debug|x64.Build.0 = Debug|Any CPU
		{AD2248EE-ABB8-4A90-A1BB-26C3107A9D43}.Debug|x86.ActiveCfg = Debug|Any CPU
		{AD2248EE-ABB8-4A90-A1BB-26C3107A9D43}.Debug|x86.Build.0 = Debug|Any CPU
		{AD2248EE-ABB8-4A90-A1BB-26C3107A9D43}.Release|Any CPU.ActiveCfg = Release|Any CPU
		{AD2248EE-ABB8-4A90-A1BB-26C3107A9D43}.Release|Any CPU.Build.0 = Release|Any CPU
		{AD2248EE-ABB8-4A90-A1BB-26C3107A9D43}.Release|ARM.ActiveCfg = Release|Any CPU
		{AD2248EE-ABB8-4A90-A1BB-26C3107A9D43}.Release|ARM.Build.0 = Release|Any CPU
		{AD2248EE-ABB8-4A90-A1BB-26C3107A9D43}.Release|iPhone.ActiveCfg = Release|Any CPU
		{AD2248EE-ABB8-4A90-A1BB-26C3107A9D43}.Release|iPhone.Build.0 = Release|Any CPU
		{AD2248EE-ABB8-4A90-A1BB-26C3107A9D43}.Release|iPhoneSimulator.ActiveCfg = Release|Any CPU
		{AD2248EE-ABB8-4A90-A1BB-26C3107A9D43}.Release|iPhoneSimulator.Build.0 = Release|Any CPU
		{AD2248EE-ABB8-4A90-A1BB-26C3107A9D43}.Release|x64.ActiveCfg = Release|Any CPU
		{AD2248EE-ABB8-4A90-A1BB-26C3107A9D43}.Release|x64.Build.0 = Release|Any CPU
		{AD2248EE-ABB8-4A90-A1BB-26C3107A9D43}.Release|x86.ActiveCfg = Release|Any CPU
		{AD2248EE-ABB8-4A90-A1BB-26C3107A9D43}.Release|x86.Build.0 = Release|Any CPU
		{0465A83E-2C41-421D-B184-CD603B1FB065}.Ad-Hoc|Any CPU.ActiveCfg = Release|Any CPU
		{0465A83E-2C41-421D-B184-CD603B1FB065}.Ad-Hoc|Any CPU.Build.0 = Release|Any CPU
		{0465A83E-2C41-421D-B184-CD603B1FB065}.Ad-Hoc|Any CPU.Deploy.0 = Release|Any CPU
		{0465A83E-2C41-421D-B184-CD603B1FB065}.Ad-Hoc|ARM.ActiveCfg = Release|Any CPU
		{0465A83E-2C41-421D-B184-CD603B1FB065}.Ad-Hoc|ARM.Build.0 = Release|Any CPU
		{0465A83E-2C41-421D-B184-CD603B1FB065}.Ad-Hoc|ARM.Deploy.0 = Release|Any CPU
		{0465A83E-2C41-421D-B184-CD603B1FB065}.Ad-Hoc|iPhone.ActiveCfg = Release|Any CPU
		{0465A83E-2C41-421D-B184-CD603B1FB065}.Ad-Hoc|iPhone.Build.0 = Release|Any CPU
		{0465A83E-2C41-421D-B184-CD603B1FB065}.Ad-Hoc|iPhone.Deploy.0 = Release|Any CPU
		{0465A83E-2C41-421D-B184-CD603B1FB065}.Ad-Hoc|iPhoneSimulator.ActiveCfg = Release|Any CPU
		{0465A83E-2C41-421D-B184-CD603B1FB065}.Ad-Hoc|iPhoneSimulator.Build.0 = Release|Any CPU
		{0465A83E-2C41-421D-B184-CD603B1FB065}.Ad-Hoc|iPhoneSimulator.Deploy.0 = Release|Any CPU
		{0465A83E-2C41-421D-B184-CD603B1FB065}.Ad-Hoc|x64.ActiveCfg = Release|Any CPU
		{0465A83E-2C41-421D-B184-CD603B1FB065}.Ad-Hoc|x64.Build.0 = Release|Any CPU
		{0465A83E-2C41-421D-B184-CD603B1FB065}.Ad-Hoc|x64.Deploy.0 = Release|Any CPU
		{0465A83E-2C41-421D-B184-CD603B1FB065}.Ad-Hoc|x86.ActiveCfg = Release|Any CPU
		{0465A83E-2C41-421D-B184-CD603B1FB065}.Ad-Hoc|x86.Build.0 = Release|Any CPU
		{0465A83E-2C41-421D-B184-CD603B1FB065}.Ad-Hoc|x86.Deploy.0 = Release|Any CPU
		{0465A83E-2C41-421D-B184-CD603B1FB065}.AppStore|Any CPU.ActiveCfg = Release|Any CPU
		{0465A83E-2C41-421D-B184-CD603B1FB065}.AppStore|Any CPU.Build.0 = Release|Any CPU
		{0465A83E-2C41-421D-B184-CD603B1FB065}.AppStore|Any CPU.Deploy.0 = Release|Any CPU
		{0465A83E-2C41-421D-B184-CD603B1FB065}.AppStore|ARM.ActiveCfg = Release|Any CPU
		{0465A83E-2C41-421D-B184-CD603B1FB065}.AppStore|ARM.Build.0 = Release|Any CPU
		{0465A83E-2C41-421D-B184-CD603B1FB065}.AppStore|ARM.Deploy.0 = Release|Any CPU
		{0465A83E-2C41-421D-B184-CD603B1FB065}.AppStore|iPhone.ActiveCfg = Release|Any CPU
		{0465A83E-2C41-421D-B184-CD603B1FB065}.AppStore|iPhone.Build.0 = Release|Any CPU
		{0465A83E-2C41-421D-B184-CD603B1FB065}.AppStore|iPhone.Deploy.0 = Release|Any CPU
		{0465A83E-2C41-421D-B184-CD603B1FB065}.AppStore|iPhoneSimulator.ActiveCfg = Release|Any CPU
		{0465A83E-2C41-421D-B184-CD603B1FB065}.AppStore|iPhoneSimulator.Build.0 = Release|Any CPU
		{0465A83E-2C41-421D-B184-CD603B1FB065}.AppStore|iPhoneSimulator.Deploy.0 = Release|Any CPU
		{0465A83E-2C41-421D-B184-CD603B1FB065}.AppStore|x64.ActiveCfg = Release|Any CPU
		{0465A83E-2C41-421D-B184-CD603B1FB065}.AppStore|x64.Build.0 = Release|Any CPU
		{0465A83E-2C41-421D-B184-CD603B1FB065}.AppStore|x64.Deploy.0 = Release|Any CPU
		{0465A83E-2C41-421D-B184-CD603B1FB065}.AppStore|x86.ActiveCfg = Release|Any CPU
		{0465A83E-2C41-421D-B184-CD603B1FB065}.AppStore|x86.Build.0 = Release|Any CPU
		{0465A83E-2C41-421D-B184-CD603B1FB065}.AppStore|x86.Deploy.0 = Release|Any CPU
		{0465A83E-2C41-421D-B184-CD603B1FB065}.Debug|Any CPU.ActiveCfg = Debug|Any CPU
		{0465A83E-2C41-421D-B184-CD603B1FB065}.Debug|Any CPU.Build.0 = Debug|Any CPU
		{0465A83E-2C41-421D-B184-CD603B1FB065}.Debug|Any CPU.Deploy.0 = Debug|Any CPU
		{0465A83E-2C41-421D-B184-CD603B1FB065}.Debug|ARM.ActiveCfg = Debug|Any CPU
		{0465A83E-2C41-421D-B184-CD603B1FB065}.Debug|ARM.Build.0 = Debug|Any CPU
		{0465A83E-2C41-421D-B184-CD603B1FB065}.Debug|ARM.Deploy.0 = Debug|Any CPU
		{0465A83E-2C41-421D-B184-CD603B1FB065}.Debug|iPhone.ActiveCfg = Debug|Any CPU
		{0465A83E-2C41-421D-B184-CD603B1FB065}.Debug|iPhone.Build.0 = Debug|Any CPU
		{0465A83E-2C41-421D-B184-CD603B1FB065}.Debug|iPhone.Deploy.0 = Debug|Any CPU
		{0465A83E-2C41-421D-B184-CD603B1FB065}.Debug|iPhoneSimulator.ActiveCfg = Debug|Any CPU
		{0465A83E-2C41-421D-B184-CD603B1FB065}.Debug|iPhoneSimulator.Build.0 = Debug|Any CPU
		{0465A83E-2C41-421D-B184-CD603B1FB065}.Debug|iPhoneSimulator.Deploy.0 = Debug|Any CPU
		{0465A83E-2C41-421D-B184-CD603B1FB065}.Debug|x64.ActiveCfg = Debug|Any CPU
		{0465A83E-2C41-421D-B184-CD603B1FB065}.Debug|x64.Build.0 = Debug|Any CPU
		{0465A83E-2C41-421D-B184-CD603B1FB065}.Debug|x64.Deploy.0 = Debug|Any CPU
		{0465A83E-2C41-421D-B184-CD603B1FB065}.Debug|x86.ActiveCfg = Debug|Any CPU
		{0465A83E-2C41-421D-B184-CD603B1FB065}.Debug|x86.Build.0 = Debug|Any CPU
		{0465A83E-2C41-421D-B184-CD603B1FB065}.Debug|x86.Deploy.0 = Debug|Any CPU
		{0465A83E-2C41-421D-B184-CD603B1FB065}.Release|Any CPU.ActiveCfg = Release|Any CPU
		{0465A83E-2C41-421D-B184-CD603B1FB065}.Release|Any CPU.Build.0 = Release|Any CPU
		{0465A83E-2C41-421D-B184-CD603B1FB065}.Release|Any CPU.Deploy.0 = Release|Any CPU
		{0465A83E-2C41-421D-B184-CD603B1FB065}.Release|ARM.ActiveCfg = Release|Any CPU
		{0465A83E-2C41-421D-B184-CD603B1FB065}.Release|ARM.Build.0 = Release|Any CPU
		{0465A83E-2C41-421D-B184-CD603B1FB065}.Release|ARM.Deploy.0 = Release|Any CPU
		{0465A83E-2C41-421D-B184-CD603B1FB065}.Release|iPhone.ActiveCfg = Release|Any CPU
		{0465A83E-2C41-421D-B184-CD603B1FB065}.Release|iPhone.Build.0 = Release|Any CPU
		{0465A83E-2C41-421D-B184-CD603B1FB065}.Release|iPhone.Deploy.0 = Release|Any CPU
		{0465A83E-2C41-421D-B184-CD603B1FB065}.Release|iPhoneSimulator.ActiveCfg = Release|Any CPU
		{0465A83E-2C41-421D-B184-CD603B1FB065}.Release|iPhoneSimulator.Build.0 = Release|Any CPU
		{0465A83E-2C41-421D-B184-CD603B1FB065}.Release|iPhoneSimulator.Deploy.0 = Release|Any CPU
		{0465A83E-2C41-421D-B184-CD603B1FB065}.Release|x64.ActiveCfg = Release|Any CPU
		{0465A83E-2C41-421D-B184-CD603B1FB065}.Release|x64.Build.0 = Release|Any CPU
		{0465A83E-2C41-421D-B184-CD603B1FB065}.Release|x64.Deploy.0 = Release|Any CPU
		{0465A83E-2C41-421D-B184-CD603B1FB065}.Release|x86.ActiveCfg = Release|Any CPU
		{0465A83E-2C41-421D-B184-CD603B1FB065}.Release|x86.Build.0 = Release|Any CPU
		{0465A83E-2C41-421D-B184-CD603B1FB065}.Release|x86.Deploy.0 = Release|Any CPU
		{42ED3A48-83B2-454C-8615-1F60D0506B0D}.Ad-Hoc|Any CPU.ActiveCfg = Ad-Hoc|iPhone
		{42ED3A48-83B2-454C-8615-1F60D0506B0D}.Ad-Hoc|ARM.ActiveCfg = Ad-Hoc|iPhone
		{42ED3A48-83B2-454C-8615-1F60D0506B0D}.Ad-Hoc|iPhone.ActiveCfg = Ad-Hoc|iPhone
		{42ED3A48-83B2-454C-8615-1F60D0506B0D}.Ad-Hoc|iPhone.Build.0 = Ad-Hoc|iPhone
		{42ED3A48-83B2-454C-8615-1F60D0506B0D}.Ad-Hoc|iPhoneSimulator.ActiveCfg = Ad-Hoc|iPhoneSimulator
		{42ED3A48-83B2-454C-8615-1F60D0506B0D}.Ad-Hoc|iPhoneSimulator.Build.0 = Ad-Hoc|iPhoneSimulator
		{42ED3A48-83B2-454C-8615-1F60D0506B0D}.Ad-Hoc|x64.ActiveCfg = Ad-Hoc|iPhone
		{42ED3A48-83B2-454C-8615-1F60D0506B0D}.Ad-Hoc|x86.ActiveCfg = Ad-Hoc|iPhone
		{42ED3A48-83B2-454C-8615-1F60D0506B0D}.AppStore|Any CPU.ActiveCfg = AppStore|iPhone
		{42ED3A48-83B2-454C-8615-1F60D0506B0D}.AppStore|ARM.ActiveCfg = AppStore|iPhone
		{42ED3A48-83B2-454C-8615-1F60D0506B0D}.AppStore|iPhone.ActiveCfg = AppStore|iPhone
		{42ED3A48-83B2-454C-8615-1F60D0506B0D}.AppStore|iPhone.Build.0 = AppStore|iPhone
		{42ED3A48-83B2-454C-8615-1F60D0506B0D}.AppStore|iPhoneSimulator.ActiveCfg = AppStore|iPhoneSimulator
		{42ED3A48-83B2-454C-8615-1F60D0506B0D}.AppStore|iPhoneSimulator.Build.0 = AppStore|iPhoneSimulator
		{42ED3A48-83B2-454C-8615-1F60D0506B0D}.AppStore|x64.ActiveCfg = AppStore|iPhone
		{42ED3A48-83B2-454C-8615-1F60D0506B0D}.AppStore|x86.ActiveCfg = AppStore|iPhone
		{42ED3A48-83B2-454C-8615-1F60D0506B0D}.Debug|Any CPU.ActiveCfg = Debug|iPhone
		{42ED3A48-83B2-454C-8615-1F60D0506B0D}.Debug|ARM.ActiveCfg = Debug|iPhone
		{42ED3A48-83B2-454C-8615-1F60D0506B0D}.Debug|iPhone.ActiveCfg = Debug|iPhone
		{42ED3A48-83B2-454C-8615-1F60D0506B0D}.Debug|iPhone.Build.0 = Debug|iPhone
		{42ED3A48-83B2-454C-8615-1F60D0506B0D}.Debug|iPhoneSimulator.ActiveCfg = Debug|iPhoneSimulator
		{42ED3A48-83B2-454C-8615-1F60D0506B0D}.Debug|iPhoneSimulator.Build.0 = Debug|iPhoneSimulator
		{42ED3A48-83B2-454C-8615-1F60D0506B0D}.Debug|x64.ActiveCfg = Debug|iPhone
		{42ED3A48-83B2-454C-8615-1F60D0506B0D}.Debug|x86.ActiveCfg = Debug|iPhone
		{42ED3A48-83B2-454C-8615-1F60D0506B0D}.Release|Any CPU.ActiveCfg = Release|iPhone
		{42ED3A48-83B2-454C-8615-1F60D0506B0D}.Release|ARM.ActiveCfg = Release|iPhone
		{42ED3A48-83B2-454C-8615-1F60D0506B0D}.Release|iPhone.ActiveCfg = Release|iPhone
		{42ED3A48-83B2-454C-8615-1F60D0506B0D}.Release|iPhone.Build.0 = Release|iPhone
		{42ED3A48-83B2-454C-8615-1F60D0506B0D}.Release|iPhoneSimulator.ActiveCfg = Release|iPhoneSimulator
		{42ED3A48-83B2-454C-8615-1F60D0506B0D}.Release|iPhoneSimulator.Build.0 = Release|iPhoneSimulator
		{42ED3A48-83B2-454C-8615-1F60D0506B0D}.Release|x64.ActiveCfg = Release|iPhone
		{42ED3A48-83B2-454C-8615-1F60D0506B0D}.Release|x86.ActiveCfg = Release|iPhone
		{5181A30B-9347-4438-AEBF-EB1A4C0FC261}.Ad-Hoc|Any CPU.ActiveCfg = Release|Any CPU
		{5181A30B-9347-4438-AEBF-EB1A4C0FC261}.Ad-Hoc|Any CPU.Build.0 = Release|Any CPU
		{5181A30B-9347-4438-AEBF-EB1A4C0FC261}.Ad-Hoc|Any CPU.Deploy.0 = Release|Any CPU
		{5181A30B-9347-4438-AEBF-EB1A4C0FC261}.Ad-Hoc|ARM.ActiveCfg = Release|ARM
		{5181A30B-9347-4438-AEBF-EB1A4C0FC261}.Ad-Hoc|ARM.Build.0 = Release|ARM
		{5181A30B-9347-4438-AEBF-EB1A4C0FC261}.Ad-Hoc|ARM.Deploy.0 = Release|ARM
		{5181A30B-9347-4438-AEBF-EB1A4C0FC261}.Ad-Hoc|iPhone.ActiveCfg = Release|Any CPU
		{5181A30B-9347-4438-AEBF-EB1A4C0FC261}.Ad-Hoc|iPhone.Build.0 = Release|Any CPU
		{5181A30B-9347-4438-AEBF-EB1A4C0FC261}.Ad-Hoc|iPhone.Deploy.0 = Release|Any CPU
		{5181A30B-9347-4438-AEBF-EB1A4C0FC261}.Ad-Hoc|iPhoneSimulator.ActiveCfg = Release|Any CPU
		{5181A30B-9347-4438-AEBF-EB1A4C0FC261}.Ad-Hoc|iPhoneSimulator.Build.0 = Release|Any CPU
		{5181A30B-9347-4438-AEBF-EB1A4C0FC261}.Ad-Hoc|iPhoneSimulator.Deploy.0 = Release|Any CPU
		{5181A30B-9347-4438-AEBF-EB1A4C0FC261}.Ad-Hoc|x64.ActiveCfg = Release|Any CPU
		{5181A30B-9347-4438-AEBF-EB1A4C0FC261}.Ad-Hoc|x64.Build.0 = Release|Any CPU
		{5181A30B-9347-4438-AEBF-EB1A4C0FC261}.Ad-Hoc|x64.Deploy.0 = Release|Any CPU
		{5181A30B-9347-4438-AEBF-EB1A4C0FC261}.Ad-Hoc|x86.ActiveCfg = Release|x86
		{5181A30B-9347-4438-AEBF-EB1A4C0FC261}.Ad-Hoc|x86.Build.0 = Release|x86
		{5181A30B-9347-4438-AEBF-EB1A4C0FC261}.Ad-Hoc|x86.Deploy.0 = Release|x86
		{5181A30B-9347-4438-AEBF-EB1A4C0FC261}.AppStore|Any CPU.ActiveCfg = Release|Any CPU
		{5181A30B-9347-4438-AEBF-EB1A4C0FC261}.AppStore|Any CPU.Build.0 = Release|Any CPU
		{5181A30B-9347-4438-AEBF-EB1A4C0FC261}.AppStore|Any CPU.Deploy.0 = Release|Any CPU
		{5181A30B-9347-4438-AEBF-EB1A4C0FC261}.AppStore|ARM.ActiveCfg = Release|ARM
		{5181A30B-9347-4438-AEBF-EB1A4C0FC261}.AppStore|ARM.Build.0 = Release|ARM
		{5181A30B-9347-4438-AEBF-EB1A4C0FC261}.AppStore|ARM.Deploy.0 = Release|ARM
		{5181A30B-9347-4438-AEBF-EB1A4C0FC261}.AppStore|iPhone.ActiveCfg = Release|Any CPU
		{5181A30B-9347-4438-AEBF-EB1A4C0FC261}.AppStore|iPhone.Build.0 = Release|Any CPU
		{5181A30B-9347-4438-AEBF-EB1A4C0FC261}.AppStore|iPhone.Deploy.0 = Release|Any CPU
		{5181A30B-9347-4438-AEBF-EB1A4C0FC261}.AppStore|iPhoneSimulator.ActiveCfg = Release|Any CPU
		{5181A30B-9347-4438-AEBF-EB1A4C0FC261}.AppStore|iPhoneSimulator.Build.0 = Release|Any CPU
		{5181A30B-9347-4438-AEBF-EB1A4C0FC261}.AppStore|iPhoneSimulator.Deploy.0 = Release|Any CPU
		{5181A30B-9347-4438-AEBF-EB1A4C0FC261}.AppStore|x64.ActiveCfg = Release|Any CPU
		{5181A30B-9347-4438-AEBF-EB1A4C0FC261}.AppStore|x64.Build.0 = Release|Any CPU
		{5181A30B-9347-4438-AEBF-EB1A4C0FC261}.AppStore|x64.Deploy.0 = Release|Any CPU
		{5181A30B-9347-4438-AEBF-EB1A4C0FC261}.AppStore|x86.ActiveCfg = Release|x86
		{5181A30B-9347-4438-AEBF-EB1A4C0FC261}.AppStore|x86.Build.0 = Release|x86
		{5181A30B-9347-4438-AEBF-EB1A4C0FC261}.AppStore|x86.Deploy.0 = Release|x86
		{5181A30B-9347-4438-AEBF-EB1A4C0FC261}.Debug|Any CPU.ActiveCfg = Debug|Any CPU
		{5181A30B-9347-4438-AEBF-EB1A4C0FC261}.Debug|Any CPU.Build.0 = Debug|Any CPU
		{5181A30B-9347-4438-AEBF-EB1A4C0FC261}.Debug|Any CPU.Deploy.0 = Debug|Any CPU
		{5181A30B-9347-4438-AEBF-EB1A4C0FC261}.Debug|ARM.ActiveCfg = Debug|ARM
		{5181A30B-9347-4438-AEBF-EB1A4C0FC261}.Debug|ARM.Build.0 = Debug|ARM
		{5181A30B-9347-4438-AEBF-EB1A4C0FC261}.Debug|ARM.Deploy.0 = Debug|ARM
		{5181A30B-9347-4438-AEBF-EB1A4C0FC261}.Debug|iPhone.ActiveCfg = Debug|Any CPU
		{5181A30B-9347-4438-AEBF-EB1A4C0FC261}.Debug|iPhone.Build.0 = Debug|Any CPU
		{5181A30B-9347-4438-AEBF-EB1A4C0FC261}.Debug|iPhone.Deploy.0 = Debug|Any CPU
		{5181A30B-9347-4438-AEBF-EB1A4C0FC261}.Debug|iPhoneSimulator.ActiveCfg = Debug|Any CPU
		{5181A30B-9347-4438-AEBF-EB1A4C0FC261}.Debug|iPhoneSimulator.Build.0 = Debug|Any CPU
		{5181A30B-9347-4438-AEBF-EB1A4C0FC261}.Debug|iPhoneSimulator.Deploy.0 = Debug|Any CPU
		{5181A30B-9347-4438-AEBF-EB1A4C0FC261}.Debug|x64.ActiveCfg = Debug|Any CPU
		{5181A30B-9347-4438-AEBF-EB1A4C0FC261}.Debug|x64.Build.0 = Debug|Any CPU
		{5181A30B-9347-4438-AEBF-EB1A4C0FC261}.Debug|x64.Deploy.0 = Debug|Any CPU
		{5181A30B-9347-4438-AEBF-EB1A4C0FC261}.Debug|x86.ActiveCfg = Debug|x86
		{5181A30B-9347-4438-AEBF-EB1A4C0FC261}.Debug|x86.Build.0 = Debug|x86
		{5181A30B-9347-4438-AEBF-EB1A4C0FC261}.Debug|x86.Deploy.0 = Debug|x86
		{5181A30B-9347-4438-AEBF-EB1A4C0FC261}.Release|Any CPU.ActiveCfg = Release|Any CPU
		{5181A30B-9347-4438-AEBF-EB1A4C0FC261}.Release|Any CPU.Build.0 = Release|Any CPU
		{5181A30B-9347-4438-AEBF-EB1A4C0FC261}.Release|Any CPU.Deploy.0 = Release|Any CPU
		{5181A30B-9347-4438-AEBF-EB1A4C0FC261}.Release|ARM.ActiveCfg = Release|ARM
		{5181A30B-9347-4438-AEBF-EB1A4C0FC261}.Release|ARM.Build.0 = Release|ARM
		{5181A30B-9347-4438-AEBF-EB1A4C0FC261}.Release|ARM.Deploy.0 = Release|ARM
		{5181A30B-9347-4438-AEBF-EB1A4C0FC261}.Release|iPhone.ActiveCfg = Release|Any CPU
		{5181A30B-9347-4438-AEBF-EB1A4C0FC261}.Release|iPhone.Build.0 = Release|Any CPU
		{5181A30B-9347-4438-AEBF-EB1A4C0FC261}.Release|iPhone.Deploy.0 = Release|Any CPU
		{5181A30B-9347-4438-AEBF-EB1A4C0FC261}.Release|iPhoneSimulator.ActiveCfg = Release|Any CPU
		{5181A30B-9347-4438-AEBF-EB1A4C0FC261}.Release|iPhoneSimulator.Build.0 = Release|Any CPU
		{5181A30B-9347-4438-AEBF-EB1A4C0FC261}.Release|iPhoneSimulator.Deploy.0 = Release|Any CPU
		{5181A30B-9347-4438-AEBF-EB1A4C0FC261}.Release|x64.ActiveCfg = Release|Any CPU
		{5181A30B-9347-4438-AEBF-EB1A4C0FC261}.Release|x64.Build.0 = Release|Any CPU
		{5181A30B-9347-4438-AEBF-EB1A4C0FC261}.Release|x64.Deploy.0 = Release|Any CPU
		{5181A30B-9347-4438-AEBF-EB1A4C0FC261}.Release|x86.ActiveCfg = Release|x86
		{5181A30B-9347-4438-AEBF-EB1A4C0FC261}.Release|x86.Build.0 = Release|x86
		{5181A30B-9347-4438-AEBF-EB1A4C0FC261}.Release|x86.Deploy.0 = Release|x86
		{1AC7E29C-5D20-4D36-B297-1F11625FAB2C}.Ad-Hoc|Any CPU.ActiveCfg = Release|x86
		{1AC7E29C-5D20-4D36-B297-1F11625FAB2C}.Ad-Hoc|Any CPU.Build.0 = Release|x86
		{1AC7E29C-5D20-4D36-B297-1F11625FAB2C}.Ad-Hoc|Any CPU.Deploy.0 = Release|x86
		{1AC7E29C-5D20-4D36-B297-1F11625FAB2C}.Ad-Hoc|ARM.ActiveCfg = Release|ARM
		{1AC7E29C-5D20-4D36-B297-1F11625FAB2C}.Ad-Hoc|ARM.Build.0 = Release|ARM
		{1AC7E29C-5D20-4D36-B297-1F11625FAB2C}.Ad-Hoc|ARM.Deploy.0 = Release|ARM
		{1AC7E29C-5D20-4D36-B297-1F11625FAB2C}.Ad-Hoc|iPhone.ActiveCfg = Release|x86
		{1AC7E29C-5D20-4D36-B297-1F11625FAB2C}.Ad-Hoc|iPhone.Build.0 = Release|x86
		{1AC7E29C-5D20-4D36-B297-1F11625FAB2C}.Ad-Hoc|iPhone.Deploy.0 = Release|x86
		{1AC7E29C-5D20-4D36-B297-1F11625FAB2C}.Ad-Hoc|iPhoneSimulator.ActiveCfg = Release|x86
		{1AC7E29C-5D20-4D36-B297-1F11625FAB2C}.Ad-Hoc|iPhoneSimulator.Build.0 = Release|x86
		{1AC7E29C-5D20-4D36-B297-1F11625FAB2C}.Ad-Hoc|iPhoneSimulator.Deploy.0 = Release|x86
		{1AC7E29C-5D20-4D36-B297-1F11625FAB2C}.Ad-Hoc|x64.ActiveCfg = Release|x64
		{1AC7E29C-5D20-4D36-B297-1F11625FAB2C}.Ad-Hoc|x64.Build.0 = Release|x64
		{1AC7E29C-5D20-4D36-B297-1F11625FAB2C}.Ad-Hoc|x64.Deploy.0 = Release|x64
		{1AC7E29C-5D20-4D36-B297-1F11625FAB2C}.Ad-Hoc|x86.ActiveCfg = Release|x86
		{1AC7E29C-5D20-4D36-B297-1F11625FAB2C}.Ad-Hoc|x86.Build.0 = Release|x86
		{1AC7E29C-5D20-4D36-B297-1F11625FAB2C}.Ad-Hoc|x86.Deploy.0 = Release|x86
		{1AC7E29C-5D20-4D36-B297-1F11625FAB2C}.AppStore|Any CPU.ActiveCfg = Release|x86
		{1AC7E29C-5D20-4D36-B297-1F11625FAB2C}.AppStore|Any CPU.Build.0 = Release|x86
		{1AC7E29C-5D20-4D36-B297-1F11625FAB2C}.AppStore|Any CPU.Deploy.0 = Release|x86
		{1AC7E29C-5D20-4D36-B297-1F11625FAB2C}.AppStore|ARM.ActiveCfg = Release|ARM
		{1AC7E29C-5D20-4D36-B297-1F11625FAB2C}.AppStore|ARM.Build.0 = Release|ARM
		{1AC7E29C-5D20-4D36-B297-1F11625FAB2C}.AppStore|ARM.Deploy.0 = Release|ARM
		{1AC7E29C-5D20-4D36-B297-1F11625FAB2C}.AppStore|iPhone.ActiveCfg = Release|x86
		{1AC7E29C-5D20-4D36-B297-1F11625FAB2C}.AppStore|iPhone.Build.0 = Release|x86
		{1AC7E29C-5D20-4D36-B297-1F11625FAB2C}.AppStore|iPhone.Deploy.0 = Release|x86
		{1AC7E29C-5D20-4D36-B297-1F11625FAB2C}.AppStore|iPhoneSimulator.ActiveCfg = Release|x86
		{1AC7E29C-5D20-4D36-B297-1F11625FAB2C}.AppStore|iPhoneSimulator.Build.0 = Release|x86
		{1AC7E29C-5D20-4D36-B297-1F11625FAB2C}.AppStore|iPhoneSimulator.Deploy.0 = Release|x86
		{1AC7E29C-5D20-4D36-B297-1F11625FAB2C}.AppStore|x64.ActiveCfg = Release|x64
		{1AC7E29C-5D20-4D36-B297-1F11625FAB2C}.AppStore|x64.Build.0 = Release|x64
		{1AC7E29C-5D20-4D36-B297-1F11625FAB2C}.AppStore|x64.Deploy.0 = Release|x64
		{1AC7E29C-5D20-4D36-B297-1F11625FAB2C}.AppStore|x86.ActiveCfg = Release|x86
		{1AC7E29C-5D20-4D36-B297-1F11625FAB2C}.AppStore|x86.Build.0 = Release|x86
		{1AC7E29C-5D20-4D36-B297-1F11625FAB2C}.AppStore|x86.Deploy.0 = Release|x86
		{1AC7E29C-5D20-4D36-B297-1F11625FAB2C}.Debug|Any CPU.ActiveCfg = Debug|x86
		{1AC7E29C-5D20-4D36-B297-1F11625FAB2C}.Debug|ARM.ActiveCfg = Debug|ARM
		{1AC7E29C-5D20-4D36-B297-1F11625FAB2C}.Debug|ARM.Build.0 = Debug|ARM
		{1AC7E29C-5D20-4D36-B297-1F11625FAB2C}.Debug|ARM.Deploy.0 = Debug|ARM
		{1AC7E29C-5D20-4D36-B297-1F11625FAB2C}.Debug|iPhone.ActiveCfg = Debug|x86
		{1AC7E29C-5D20-4D36-B297-1F11625FAB2C}.Debug|iPhoneSimulator.ActiveCfg = Debug|x86
		{1AC7E29C-5D20-4D36-B297-1F11625FAB2C}.Debug|x64.ActiveCfg = Debug|x64
		{1AC7E29C-5D20-4D36-B297-1F11625FAB2C}.Debug|x64.Build.0 = Debug|x64
		{1AC7E29C-5D20-4D36-B297-1F11625FAB2C}.Debug|x64.Deploy.0 = Debug|x64
		{1AC7E29C-5D20-4D36-B297-1F11625FAB2C}.Debug|x86.ActiveCfg = Debug|x86
		{1AC7E29C-5D20-4D36-B297-1F11625FAB2C}.Debug|x86.Build.0 = Debug|x86
		{1AC7E29C-5D20-4D36-B297-1F11625FAB2C}.Debug|x86.Deploy.0 = Debug|x86
		{1AC7E29C-5D20-4D36-B297-1F11625FAB2C}.Release|Any CPU.ActiveCfg = Release|x86
		{1AC7E29C-5D20-4D36-B297-1F11625FAB2C}.Release|ARM.ActiveCfg = Release|ARM
		{1AC7E29C-5D20-4D36-B297-1F11625FAB2C}.Release|ARM.Build.0 = Release|ARM
		{1AC7E29C-5D20-4D36-B297-1F11625FAB2C}.Release|ARM.Deploy.0 = Release|ARM
		{1AC7E29C-5D20-4D36-B297-1F11625FAB2C}.Release|iPhone.ActiveCfg = Release|x86
		{1AC7E29C-5D20-4D36-B297-1F11625FAB2C}.Release|iPhoneSimulator.ActiveCfg = Release|x86
		{1AC7E29C-5D20-4D36-B297-1F11625FAB2C}.Release|x64.ActiveCfg = Release|x64
		{1AC7E29C-5D20-4D36-B297-1F11625FAB2C}.Release|x64.Build.0 = Release|x64
		{1AC7E29C-5D20-4D36-B297-1F11625FAB2C}.Release|x64.Deploy.0 = Release|x64
		{1AC7E29C-5D20-4D36-B297-1F11625FAB2C}.Release|x86.ActiveCfg = Release|x86
		{1AC7E29C-5D20-4D36-B297-1F11625FAB2C}.Release|x86.Build.0 = Release|x86
		{1AC7E29C-5D20-4D36-B297-1F11625FAB2C}.Release|x86.Deploy.0 = Release|x86
		{9E160718-70D9-44C6-9FEF-24A1494C88F4}.Ad-Hoc|Any CPU.ActiveCfg = Release|Any CPU
		{9E160718-70D9-44C6-9FEF-24A1494C88F4}.Ad-Hoc|Any CPU.Build.0 = Release|Any CPU
		{9E160718-70D9-44C6-9FEF-24A1494C88F4}.Ad-Hoc|Any CPU.Deploy.0 = Release|Any CPU
		{9E160718-70D9-44C6-9FEF-24A1494C88F4}.Ad-Hoc|ARM.ActiveCfg = Release|ARM
		{9E160718-70D9-44C6-9FEF-24A1494C88F4}.Ad-Hoc|ARM.Build.0 = Release|ARM
		{9E160718-70D9-44C6-9FEF-24A1494C88F4}.Ad-Hoc|ARM.Deploy.0 = Release|ARM
		{9E160718-70D9-44C6-9FEF-24A1494C88F4}.Ad-Hoc|iPhone.ActiveCfg = Release|Any CPU
		{9E160718-70D9-44C6-9FEF-24A1494C88F4}.Ad-Hoc|iPhone.Build.0 = Release|Any CPU
		{9E160718-70D9-44C6-9FEF-24A1494C88F4}.Ad-Hoc|iPhone.Deploy.0 = Release|Any CPU
		{9E160718-70D9-44C6-9FEF-24A1494C88F4}.Ad-Hoc|iPhoneSimulator.ActiveCfg = Release|Any CPU
		{9E160718-70D9-44C6-9FEF-24A1494C88F4}.Ad-Hoc|iPhoneSimulator.Build.0 = Release|Any CPU
		{9E160718-70D9-44C6-9FEF-24A1494C88F4}.Ad-Hoc|iPhoneSimulator.Deploy.0 = Release|Any CPU
		{9E160718-70D9-44C6-9FEF-24A1494C88F4}.Ad-Hoc|x64.ActiveCfg = Release|x64
		{9E160718-70D9-44C6-9FEF-24A1494C88F4}.Ad-Hoc|x64.Build.0 = Release|x64
		{9E160718-70D9-44C6-9FEF-24A1494C88F4}.Ad-Hoc|x64.Deploy.0 = Release|x64
		{9E160718-70D9-44C6-9FEF-24A1494C88F4}.Ad-Hoc|x86.ActiveCfg = Release|x86
		{9E160718-70D9-44C6-9FEF-24A1494C88F4}.Ad-Hoc|x86.Build.0 = Release|x86
		{9E160718-70D9-44C6-9FEF-24A1494C88F4}.Ad-Hoc|x86.Deploy.0 = Release|x86
		{9E160718-70D9-44C6-9FEF-24A1494C88F4}.AppStore|Any CPU.ActiveCfg = Release|Any CPU
		{9E160718-70D9-44C6-9FEF-24A1494C88F4}.AppStore|Any CPU.Build.0 = Release|Any CPU
		{9E160718-70D9-44C6-9FEF-24A1494C88F4}.AppStore|Any CPU.Deploy.0 = Release|Any CPU
		{9E160718-70D9-44C6-9FEF-24A1494C88F4}.AppStore|ARM.ActiveCfg = Release|ARM
		{9E160718-70D9-44C6-9FEF-24A1494C88F4}.AppStore|ARM.Build.0 = Release|ARM
		{9E160718-70D9-44C6-9FEF-24A1494C88F4}.AppStore|ARM.Deploy.0 = Release|ARM
		{9E160718-70D9-44C6-9FEF-24A1494C88F4}.AppStore|iPhone.ActiveCfg = Release|Any CPU
		{9E160718-70D9-44C6-9FEF-24A1494C88F4}.AppStore|iPhone.Build.0 = Release|Any CPU
		{9E160718-70D9-44C6-9FEF-24A1494C88F4}.AppStore|iPhone.Deploy.0 = Release|Any CPU
		{9E160718-70D9-44C6-9FEF-24A1494C88F4}.AppStore|iPhoneSimulator.ActiveCfg = Release|Any CPU
		{9E160718-70D9-44C6-9FEF-24A1494C88F4}.AppStore|iPhoneSimulator.Build.0 = Release|Any CPU
		{9E160718-70D9-44C6-9FEF-24A1494C88F4}.AppStore|iPhoneSimulator.Deploy.0 = Release|Any CPU
		{9E160718-70D9-44C6-9FEF-24A1494C88F4}.AppStore|x64.ActiveCfg = Release|x64
		{9E160718-70D9-44C6-9FEF-24A1494C88F4}.AppStore|x64.Build.0 = Release|x64
		{9E160718-70D9-44C6-9FEF-24A1494C88F4}.AppStore|x64.Deploy.0 = Release|x64
		{9E160718-70D9-44C6-9FEF-24A1494C88F4}.AppStore|x86.ActiveCfg = Release|x86
		{9E160718-70D9-44C6-9FEF-24A1494C88F4}.AppStore|x86.Build.0 = Release|x86
		{9E160718-70D9-44C6-9FEF-24A1494C88F4}.AppStore|x86.Deploy.0 = Release|x86
		{9E160718-70D9-44C6-9FEF-24A1494C88F4}.Debug|Any CPU.ActiveCfg = Debug|Any CPU
		{9E160718-70D9-44C6-9FEF-24A1494C88F4}.Debug|Any CPU.Build.0 = Debug|Any CPU
		{9E160718-70D9-44C6-9FEF-24A1494C88F4}.Debug|Any CPU.Deploy.0 = Debug|Any CPU
		{9E160718-70D9-44C6-9FEF-24A1494C88F4}.Debug|ARM.ActiveCfg = Debug|ARM
		{9E160718-70D9-44C6-9FEF-24A1494C88F4}.Debug|ARM.Build.0 = Debug|ARM
		{9E160718-70D9-44C6-9FEF-24A1494C88F4}.Debug|ARM.Deploy.0 = Debug|ARM
		{9E160718-70D9-44C6-9FEF-24A1494C88F4}.Debug|iPhone.ActiveCfg = Debug|Any CPU
		{9E160718-70D9-44C6-9FEF-24A1494C88F4}.Debug|iPhone.Build.0 = Debug|Any CPU
		{9E160718-70D9-44C6-9FEF-24A1494C88F4}.Debug|iPhone.Deploy.0 = Debug|Any CPU
		{9E160718-70D9-44C6-9FEF-24A1494C88F4}.Debug|iPhoneSimulator.ActiveCfg = Debug|Any CPU
		{9E160718-70D9-44C6-9FEF-24A1494C88F4}.Debug|iPhoneSimulator.Build.0 = Debug|Any CPU
		{9E160718-70D9-44C6-9FEF-24A1494C88F4}.Debug|iPhoneSimulator.Deploy.0 = Debug|Any CPU
		{9E160718-70D9-44C6-9FEF-24A1494C88F4}.Debug|x64.ActiveCfg = Debug|x64
		{9E160718-70D9-44C6-9FEF-24A1494C88F4}.Debug|x64.Build.0 = Debug|x64
		{9E160718-70D9-44C6-9FEF-24A1494C88F4}.Debug|x64.Deploy.0 = Debug|x64
		{9E160718-70D9-44C6-9FEF-24A1494C88F4}.Debug|x86.ActiveCfg = Debug|x86
		{9E160718-70D9-44C6-9FEF-24A1494C88F4}.Debug|x86.Build.0 = Debug|x86
		{9E160718-70D9-44C6-9FEF-24A1494C88F4}.Debug|x86.Deploy.0 = Debug|x86
		{9E160718-70D9-44C6-9FEF-24A1494C88F4}.Release|Any CPU.ActiveCfg = Release|Any CPU
		{9E160718-70D9-44C6-9FEF-24A1494C88F4}.Release|Any CPU.Build.0 = Release|Any CPU
		{9E160718-70D9-44C6-9FEF-24A1494C88F4}.Release|Any CPU.Deploy.0 = Release|Any CPU
		{9E160718-70D9-44C6-9FEF-24A1494C88F4}.Release|ARM.ActiveCfg = Release|ARM
		{9E160718-70D9-44C6-9FEF-24A1494C88F4}.Release|ARM.Build.0 = Release|ARM
		{9E160718-70D9-44C6-9FEF-24A1494C88F4}.Release|ARM.Deploy.0 = Release|ARM
		{9E160718-70D9-44C6-9FEF-24A1494C88F4}.Release|iPhone.ActiveCfg = Release|Any CPU
		{9E160718-70D9-44C6-9FEF-24A1494C88F4}.Release|iPhone.Build.0 = Release|Any CPU
		{9E160718-70D9-44C6-9FEF-24A1494C88F4}.Release|iPhone.Deploy.0 = Release|Any CPU
		{9E160718-70D9-44C6-9FEF-24A1494C88F4}.Release|iPhoneSimulator.ActiveCfg = Release|Any CPU
		{9E160718-70D9-44C6-9FEF-24A1494C88F4}.Release|iPhoneSimulator.Build.0 = Release|Any CPU
		{9E160718-70D9-44C6-9FEF-24A1494C88F4}.Release|iPhoneSimulator.Deploy.0 = Release|Any CPU
		{9E160718-70D9-44C6-9FEF-24A1494C88F4}.Release|x64.ActiveCfg = Release|x64
		{9E160718-70D9-44C6-9FEF-24A1494C88F4}.Release|x64.Build.0 = Release|x64
		{9E160718-70D9-44C6-9FEF-24A1494C88F4}.Release|x64.Deploy.0 = Release|x64
		{9E160718-70D9-44C6-9FEF-24A1494C88F4}.Release|x86.ActiveCfg = Release|x86
		{9E160718-70D9-44C6-9FEF-24A1494C88F4}.Release|x86.Build.0 = Release|x86
		{9E160718-70D9-44C6-9FEF-24A1494C88F4}.Release|x86.Deploy.0 = Release|x86
	EndGlobalSection
	GlobalSection(SolutionProperties) = preSolution
		HideSolutionNode = FALSE
	EndGlobalSection
EndGlobal
